// !$*UTF8*$!
{
	archiveVersion = 1;
	classes = {
	};
	objectVersion = 46;
	objects = {

/* Begin PBXBuildFile section */
		15D91F921B5AAA8E00C0FA75 /* AppDelegate.swift in Sources */ = {isa = PBXBuildFile; fileRef = 15D91F911B5AAA8E00C0FA75 /* AppDelegate.swift */; };
		15D91F961B5AAA8E00C0FA75 /* GameScene.swift in Sources */ = {isa = PBXBuildFile; fileRef = 15D91F951B5AAA8E00C0FA75 /* GameScene.swift */; };
		15D91F981B5AAA8E00C0FA75 /* GameViewController.swift in Sources */ = {isa = PBXBuildFile; fileRef = 15D91F971B5AAA8E00C0FA75 /* GameViewController.swift */; };
		15D91F9B1B5AAA8E00C0FA75 /* Main.storyboard in Resources */ = {isa = PBXBuildFile; fileRef = 15D91F991B5AAA8E00C0FA75 /* Main.storyboard */; };
		15D91F9D1B5AAA8E00C0FA75 /* Images.xcassets in Resources */ = {isa = PBXBuildFile; fileRef = 15D91F9C1B5AAA8E00C0FA75 /* Images.xcassets */; };
		15D91FA01B5AAA8E00C0FA75 /* LaunchScreen.xib in Resources */ = {isa = PBXBuildFile; fileRef = 15D91F9E1B5AAA8E00C0FA75 /* LaunchScreen.xib */; };
		15D91FAC1B5AAA8E00C0FA75 /* jumpNinjaTests.swift in Sources */ = {isa = PBXBuildFile; fileRef = 15D91FAB1B5AAA8E00C0FA75 /* jumpNinjaTests.swift */; };
		15D91FE81B5CE3E200C0FA75 /* sprites.atlas in Resources */ = {isa = PBXBuildFile; fileRef = 15D91FE71B5CE3E200C0FA75 /* sprites.atlas */; };
/* End PBXBuildFile section */

/* Begin PBXContainerItemProxy section */
		15D91FA61B5AAA8E00C0FA75 /* PBXContainerItemProxy */ = {
			isa = PBXContainerItemProxy;
			containerPortal = 15D91F841B5AAA8E00C0FA75 /* Project object */;
			proxyType = 1;
			remoteGlobalIDString = 15D91F8B1B5AAA8E00C0FA75;
			remoteInfo = jumpNinja;
		};
/* End PBXContainerItemProxy section */

/* Begin PBXFileReference section */
		15D91F8C1B5AAA8E00C0FA75 /* jumpNinja.app */ = {isa = PBXFileReference; explicitFileType = wrapper.application; includeInIndex = 0; path = jumpNinja.app; sourceTree = BUILT_PRODUCTS_DIR; };
		15D91F901B5AAA8E00C0FA75 /* Info.plist */ = {isa = PBXFileReference; lastKnownFileType = text.plist.xml; path = Info.plist; sourceTree = "<group>"; };
		15D91F911B5AAA8E00C0FA75 /* AppDelegate.swift */ = {isa = PBXFileReference; lastKnownFileType = sourcecode.swift; path = AppDelegate.swift; sourceTree = "<group>"; };
		15D91F951B5AAA8E00C0FA75 /* GameScene.swift */ = {isa = PBXFileReference; lastKnownFileType = sourcecode.swift; path = GameScene.swift; sourceTree = "<group>"; };
		15D91F971B5AAA8E00C0FA75 /* GameViewController.swift */ = {isa = PBXFileReference; lastKnownFileType = sourcecode.swift; path = GameViewController.swift; sourceTree = "<group>"; };
		15D91F9A1B5AAA8E00C0FA75 /* Base */ = {isa = PBXFileReference; lastKnownFileType = file.storyboard; name = Base; path = Base.lproj/Main.storyboard; sourceTree = "<group>"; };
		15D91F9C1B5AAA8E00C0FA75 /* Images.xcassets */ = {isa = PBXFileReference; lastKnownFileType = folder.assetcatalog; path = Images.xcassets; sourceTree = "<group>"; };
		15D91F9F1B5AAA8E00C0FA75 /* Base */ = {isa = PBXFileReference; lastKnownFileType = file.xib; name = Base; path = Base.lproj/LaunchScreen.xib; sourceTree = "<group>"; };
		15D91FA51B5AAA8E00C0FA75 /* jumpNinjaTests.xctest */ = {isa = PBXFileReference; explicitFileType = wrapper.cfbundle; includeInIndex = 0; path = jumpNinjaTests.xctest; sourceTree = BUILT_PRODUCTS_DIR; };
		15D91FAA1B5AAA8E00C0FA75 /* Info.plist */ = {isa = PBXFileReference; lastKnownFileType = text.plist.xml; path = Info.plist; sourceTree = "<group>"; };
		15D91FAB1B5AAA8E00C0FA75 /* jumpNinjaTests.swift */ = {isa = PBXFileReference; lastKnownFileType = sourcecode.swift; path = jumpNinjaTests.swift; sourceTree = "<group>"; };
		15D91FE71B5CE3E200C0FA75 /* sprites.atlas */ = {isa = PBXFileReference; lastKnownFileType = folder.skatlas; name = sprites.atlas; path = jumpNinja.xcodeproj/../../sprites.atlas; sourceTree = "<group>"; };
/* End PBXFileReference section */

/* Begin PBXFrameworksBuildPhase section */
		15D91F891B5AAA8E00C0FA75 /* Frameworks */ = {
			isa = PBXFrameworksBuildPhase;
			buildActionMask = 2147483647;
			files = (
			);
			runOnlyForDeploymentPostprocessing = 0;
		};
		15D91FA21B5AAA8E00C0FA75 /* Frameworks */ = {
			isa = PBXFrameworksBuildPhase;
			buildActionMask = 2147483647;
			files = (
			);
			runOnlyForDeploymentPostprocessing = 0;
		};
/* End PBXFrameworksBuildPhase section */

/* Begin PBXGroup section */
		15D91F831B5AAA8E00C0FA75 = {
			isa = PBXGroup;
			children = (
				15D91FE71B5CE3E200C0FA75 /* sprites.atlas */,
				15D91F8E1B5AAA8E00C0FA75 /* jumpNinja */,
				15D91FA81B5AAA8E00C0FA75 /* jumpNinjaTests */,
				15D91F8D1B5AAA8E00C0FA75 /* Products */,
			);
			sourceTree = "<group>";
		};
		15D91F8D1B5AAA8E00C0FA75 /* Products */ = {
			isa = PBXGroup;
			children = (
				15D91F8C1B5AAA8E00C0FA75 /* jumpNinja.app */,
				15D91FA51B5AAA8E00C0FA75 /* jumpNinjaTests.xctest */,
			);
			name = Products;
			sourceTree = "<group>";
		};
		15D91F8E1B5AAA8E00C0FA75 /* jumpNinja */ = {
			isa = PBXGroup;
			children = (
				15D91F911B5AAA8E00C0FA75 /* AppDelegate.swift */,
				15D91F951B5AAA8E00C0FA75 /* GameScene.swift */,
				15D91F971B5AAA8E00C0FA75 /* GameViewController.swift */,
				15D91F991B5AAA8E00C0FA75 /* Main.storyboard */,
				15D91F9C1B5AAA8E00C0FA75 /* Images.xcassets */,
				15D91F9E1B5AAA8E00C0FA75 /* LaunchScreen.xib */,
				15D91F8F1B5AAA8E00C0FA75 /* Supporting Files */,
			);
			path = jumpNinja;
			sourceTree = "<group>";
		};
		15D91F8F1B5AAA8E00C0FA75 /* Supporting Files */ = {
			isa = PBXGroup;
			children = (
				15D91F901B5AAA8E00C0FA75 /* Info.plist */,
			);
			name = "Supporting Files";
			sourceTree = "<group>";
		};
		15D91FA81B5AAA8E00C0FA75 /* jumpNinjaTests */ = {
			isa = PBXGroup;
			children = (
				15D91FAB1B5AAA8E00C0FA75 /* jumpNinjaTests.swift */,
				15D91FA91B5AAA8E00C0FA75 /* Supporting Files */,
			);
			path = jumpNinjaTests;
			sourceTree = "<group>";
		};
		15D91FA91B5AAA8E00C0FA75 /* Supporting Files */ = {
			isa = PBXGroup;
			children = (
				15D91FAA1B5AAA8E00C0FA75 /* Info.plist */,
			);
			name = "Supporting Files";
			sourceTree = "<group>";
		};
/* End PBXGroup section */

/* Begin PBXNativeTarget section */
		15D91F8B1B5AAA8E00C0FA75 /* jumpNinja */ = {
			isa = PBXNativeTarget;
			buildConfigurationList = 15D91FAF1B5AAA8E00C0FA75 /* Build configuration list for PBXNativeTarget "jumpNinja" */;
			buildPhases = (
				15D91F881B5AAA8E00C0FA75 /* Sources */,
				15D91F891B5AAA8E00C0FA75 /* Frameworks */,
				15D91F8A1B5AAA8E00C0FA75 /* Resources */,
			);
			buildRules = (
			);
			dependencies = (
			);
			name = jumpNinja;
			productName = jumpNinja;
			productReference = 15D91F8C1B5AAA8E00C0FA75 /* jumpNinja.app */;
			productType = "com.apple.product-type.application";
		};
		15D91FA41B5AAA8E00C0FA75 /* jumpNinjaTests */ = {
			isa = PBXNativeTarget;
			buildConfigurationList = 15D91FB21B5AAA8E00C0FA75 /* Build configuration list for PBXNativeTarget "jumpNinjaTests" */;
			buildPhases = (
				15D91FA11B5AAA8E00C0FA75 /* Sources */,
				15D91FA21B5AAA8E00C0FA75 /* Frameworks */,
				15D91FA31B5AAA8E00C0FA75 /* Resources */,
			);
			buildRules = (
			);
			dependencies = (
				15D91FA71B5AAA8E00C0FA75 /* PBXTargetDependency */,
			);
			name = jumpNinjaTests;
			productName = jumpNinjaTests;
			productReference = 15D91FA51B5AAA8E00C0FA75 /* jumpNinjaTests.xctest */;
			productType = "com.apple.product-type.bundle.unit-test";
		};
/* End PBXNativeTarget section */

/* Begin PBXProject section */
		15D91F841B5AAA8E00C0FA75 /* Project object */ = {
			isa = PBXProject;
			attributes = {
				LastUpgradeCheck = 0630;
				ORGANIZATIONNAME = "priyadarshini Ragupathy";
				TargetAttributes = {
					15D91F8B1B5AAA8E00C0FA75 = {
						CreatedOnToolsVersion = 6.3;
					};
					15D91FA41B5AAA8E00C0FA75 = {
						CreatedOnToolsVersion = 6.3;
						TestTargetID = 15D91F8B1B5AAA8E00C0FA75;
					};
				};
			};
			buildConfigurationList = 15D91F871B5AAA8E00C0FA75 /* Build configuration list for PBXProject "jumpNinja" */;
			compatibilityVersion = "Xcode 3.2";
			developmentRegion = English;
			hasScannedForEncodings = 0;
			knownRegions = (
				en,
				Base,
			);
			mainGroup = 15D91F831B5AAA8E00C0FA75;
			productRefGroup = 15D91F8D1B5AAA8E00C0FA75 /* Products */;
			projectDirPath = "";
			projectRoot = "";
			targets = (
				15D91F8B1B5AAA8E00C0FA75 /* jumpNinja */,
				15D91FA41B5AAA8E00C0FA75 /* jumpNinjaTests */,
			);
		};
/* End PBXProject section */

/* Begin PBXResourcesBuildPhase section */
		15D91F8A1B5AAA8E00C0FA75 /* Resources */ = {
			isa = PBXResourcesBuildPhase;
			buildActionMask = 2147483647;
			files = (
				15D91FA01B5AAA8E00C0FA75 /* LaunchScreen.xib in Resources */,
				15D91F9D1B5AAA8E00C0FA75 /* Images.xcassets in Resources */,
				15D91FE81B5CE3E200C0FA75 /* sprites.atlas in Resources */,
				15D91F9B1B5AAA8E00C0FA75 /* Main.storyboard in Resources */,
			);
			runOnlyForDeploymentPostprocessing = 0;
		};
		15D91FA31B5AAA8E00C0FA75 /* Resources */ = {
			isa = PBXResourcesBuildPhase;
			buildActionMask = 2147483647;
			files = (
			);
			runOnlyForDeploymentPostprocessing = 0;
		};
/* End PBXResourcesBuildPhase section */

/* Begin PBXSourcesBuildPhase section */
		15D91F881B5AAA8E00C0FA75 /* Sources */ = {
			isa = PBXSourcesBuildPhase;
			buildActionMask = 2147483647;
			files = (
				15D91F961B5AAA8E00C0FA75 /* GameScene.swift in Sources */,
				15D91F981B5AAA8E00C0FA75 /* GameViewController.swift in Sources */,
				15D91F921B5AAA8E00C0FA75 /* AppDelegate.swift in Sources */,
			);
			runOnlyForDeploymentPostprocessing = 0;
		};
		15D91FA11B5AAA8E00C0FA75 /* Sources */ = {
			isa = PBXSourcesBuildPhase;
			buildActionMask = 2147483647;
			files = (
				15D91FAC1B5AAA8E00C0FA75 /* jumpNinjaTests.swift in Sources */,
			);
			runOnlyForDeploymentPostprocessing = 0;
		};
/* End PBXSourcesBuildPhase section */

/* Begin PBXTargetDependency section */
		15D91FA71B5AAA8E00C0FA75 /* PBXTargetDependency */ = {
			isa = PBXTargetDependency;
			target = 15D91F8B1B5AAA8E00C0FA75 /* jumpNinja */;
			targetProxy = 15D91FA61B5AAA8E00C0FA75 /* PBXContainerItemProxy */;
		};
/* End PBXTargetDependency section */

/* Begin PBXVariantGroup section */
		15D91F991B5AAA8E00C0FA75 /* Main.storyboard */ = {
			isa = PBXVariantGroup;
			children = (
				15D91F9A1B5AAA8E00C0FA75 /* Base */,
			);
			name = Main.storyboard;
			sourceTree = "<group>";
		};
		15D91F9E1B5AAA8E00C0FA75 /* LaunchScreen.xib */ = {
			isa = PBXVariantGroup;
			children = (
				15D91F9F1B5AAA8E00C0FA75 /* Base */,
			);
			name = LaunchScreen.xib;
			sourceTree = "<group>";
		};
/* End PBXVariantGroup section */

/* Begin XCBuildConfiguration section */
		15D91FAD1B5AAA8E00C0FA75 /* Debug */ = {
			isa = XCBuildConfiguration;
			buildSettings = {
				ALWAYS_SEARCH_USER_PATHS = NO;
				CLANG_CXX_LANGUAGE_STANDARD = "gnu++0x";
				CLANG_CXX_LIBRARY = "libc++";
				CLANG_ENABLE_MODULES = YES;
				CLANG_ENABLE_OBJC_ARC = YES;
				CLANG_WARN_BOOL_CONVERSION = YES;
				CLANG_WARN_CONSTANT_CONVERSION = YES;
				CLANG_WARN_DIRECT_OBJC_ISA_USAGE = YES_ERROR;
				CLANG_WARN_EMPTY_BODY = YES;
				CLANG_WARN_ENUM_CONVERSION = YES;
				CLANG_WARN_INT_CONVERSION = YES;
				CLANG_WARN_OBJC_ROOT_CLASS = YES_ERROR;
				CLANG_WARN_UNREACHABLE_CODE = YES;
				CLANG_WARN__DUPLICATE_METHOD_MATCH = YES;
				"CODE_SIGN_IDENTITY[sdk=iphoneos*]" = "iPhone Developer";
				COPY_PHASE_STRIP = NO;
				DEBUG_INFORMATION_FORMAT = "dwarf-with-dsym";
				ENABLE_STRICT_OBJC_MSGSEND = YES;
				GCC_C_LANGUAGE_STANDARD = gnu99;
				GCC_DYNAMIC_NO_PIC = NO;
				GCC_NO_COMMON_BLOCKS = YES;
				GCC_OPTIMIZATION_LEVEL = 0;
				GCC_PREPROCESSOR_DEFINITIONS = (
					"DEBUG=1",
					"$(inherited)",
				);
				GCC_SYMBOLS_PRIVATE_EXTERN = NO;
				GCC_WARN_64_TO_32_BIT_CONVERSION = YES;
				GCC_WARN_ABOUT_RETURN_TYPE = YES_ERROR;
				GCC_WARN_UNDECLARED_SELECTOR = YES;
				GCC_WARN_UNINITIALIZED_AUTOS = YES_AGGRESSIVE;
				GCC_WARN_UNUSED_FUNCTION = YES;
				GCC_WARN_UNUSED_VARIABLE = YES;
				IPHONEOS_DEPLOYMENT_TARGET = 8.3;
				MTL_ENABLE_DEBUG_INFO = YES;
				ONLY_ACTIVE_ARCH = YES;
				SDKROOT = iphoneos;
				SWIFT_OPTIMIZATION_LEVEL = "-Onone";
				TARGETED_DEVICE_FAMILY = "1,2";
			};
			name = Debug;
		};
		15D91FAE1B5AAA8E00C0FA75 /* Release */ = {
			isa = XCBuildConfiguration;
			buildSettings = {
				ALWAYS_SEARCH_USER_PATHS = NO;
				CLANG_CXX_LANGUAGE_STANDARD = "gnu++0x";
				CLANG_CXX_LIBRARY = "libc++";
				CLANG_ENABLE_MODULES = YES;
				CLANG_ENABLE_OBJC_ARC = YES;
				CLANG_WARN_BOOL_CONVERSION = YES;
				CLANG_WARN_CONSTANT_CONVERSION = YES;
				CLANG_WARN_DIRECT_OBJC_ISA_USAGE = YES_ERROR;
				CLANG_WARN_EMPTY_BODY = YES;
				CLANG_WARN_ENUM_CONVERSION = YES;
				CLANG_WARN_INT_CONVERSION = YES;
				CLANG_WARN_OBJC_ROOT_CLASS = YES_ERROR;
				CLANG_WARN_UNREACHABLE_CODE = YES;
				CLANG_WARN__DUPLICATE_METHOD_MATCH = YES;
				"CODE_SIGN_IDENTITY[sdk=iphoneos*]" = "iPhone Developer";
				COPY_PHASE_STRIP = NO;
				DEBUG_INFORMATION_FORMAT = "dwarf-with-dsym";
				ENABLE_NS_ASSERTIONS = NO;
				ENABLE_STRICT_OBJC_MSGSEND = YES;
				GCC_C_LANGUAGE_STANDARD = gnu99;
				GCC_NO_COMMON_BLOCKS = YES;
				GCC_WARN_64_TO_32_BIT_CONVERSION = YES;
				GCC_WARN_ABOUT_RETURN_TYPE = YES_ERROR;
				GCC_WARN_UNDECLARED_SELECTOR = YES;
				GCC_WARN_UNINITIALIZED_AUTOS = YES_AGGRESSIVE;
				GCC_WARN_UNUSED_FUNCTION = YES;
				GCC_WARN_UNUSED_VARIABLE = YES;
				IPHONEOS_DEPLOYMENT_TARGET = 8.3;
				MTL_ENABLE_DEBUG_INFO = NO;
				SDKROOT = iphoneos;
				TARGETED_DEVICE_FAMILY = "1,2";
				VALIDATE_PRODUCT = YES;
			};
			name = Release;
		};
		15D91FB01B5AAA8E00C0FA75 /* Debug */ = {
			isa = XCBuildConfiguration;
			buildSettings = {
				ASSETCATALOG_COMPILER_APPICON_NAME = AppIcon;
				INFOPLIST_FILE = jumpNinja/Info.plist;
				LD_RUNPATH_SEARCH_PATHS = "$(inherited) @executable_path/Frameworks";
				PRODUCT_NAME = "$(TARGET_NAME)";
			};
			name = Debug;
		};
		15D91FB11B5AAA8E00C0FA75 /* Release */ = {
			isa = XCBuildConfiguration;
			buildSettings = {
				ASSETCATALOG_COMPILER_APPICON_NAME = AppIcon;
				INFOPLIST_FILE = jumpNinja/Info.plist;
				LD_RUNPATH_SEARCH_PATHS = "$(inherited) @executable_path/Frameworks";
				PRODUCT_NAME = "$(TARGET_NAME)";
			};
			name = Release;
		};
		15D91FB31B5AAA8E00C0FA75 /* Debug */ = {
			isa = XCBuildConfiguration;
			buildSettings = {
				BUNDLE_LOADER = "$(TEST_HOST)";
				FRAMEWORK_SEARCH_PATHS = (
					"$(SDKROOT)/Developer/Library/Frameworks",
					"$(inherited)",
				);
				GCC_PREPROCESSOR_DEFINITIONS = (
					"DEBUG=1",
					"$(inherited)",
				);
				INFOPLIST_FILE = jumpNinjaTests/Info.plist;
				LD_RUNPATH_SEARCH_PATHS = "$(inherited) @executable_path/Frameworks @loader_path/Frameworks";
				PRODUCT_NAME = "$(TARGET_NAME)";
				TEST_HOST = "$(BUILT_PRODUCTS_DIR)/jumpNinja.app/jumpNinja";
			};
			name = Debug;
		};
		15D91FB41B5AAA8E00C0FA75 /* Release */ = {
			isa = XCBuildConfiguration;
			buildSettings = {
				BUNDLE_LOADER = "$(TEST_HOST)";
				FRAMEWORK_SEARCH_PATHS = (
					"$(SDKROOT)/Developer/Library/Frameworks",
					"$(inherited)",
				);
				INFOPLIST_FILE = jumpNinjaTests/Info.plist;
				LD_RUNPATH_SEARCH_PATHS = "$(inherited) @executable_path/Frameworks @loader_path/Frameworks";
				PRODUCT_NAME = "$(TARGET_NAME)";
				TEST_HOST = "$(BUILT_PRODUCTS_DIR)/jumpNinja.app/jumpNinja";
			};
			name = Release;
		};
/* End XCBuildConfiguration section */

/* Begin XCConfigurationList section */
		15D91F871B5AAA8E00C0FA75 /* Build configuration list for PBXProject "jumpNinja" */ = {
			isa = XCConfigurationList;
			buildConfigurations = (
				15D91FAD1B5AAA8E00C0FA75 /* Debug */,
				15D91FAE1B5AAA8E00C0FA75 /* Release */,
			);
			defaultConfigurationIsVisible = 0;
			defaultConfigurationName = Release;
		};
		15D91FAF1B5AAA8E00C0FA75 /* Build configuration list for PBXNativeTarget "jumpNinja" */ = {
			isa = XCConfigurationList;
			buildConfigurations = (
				15D91FB01B5AAA8E00C0FA75 /* Debug */,
				15D91FB11B5AAA8E00C0FA75 /* Release */,
			);
			defaultConfigurationIsVisible = 0;
		};
		15D91FB21B5AAA8E00C0FA75 /* Build configuration list for PBXNativeTarget "jumpNinjaTests" */ = {
			isa = XCConfigurationList;
			buildConfigurations = (
				15D91FB31B5AAA8E00C0FA75 /* Debug */,
				15D91FB41B5AAA8E00C0FA75 /* Release */,
			);
			defaultConfigurationIsVisible = 0;
		};
/* End XCConfigurationList section */
	};
	rootObject = 15D91F841B5AAA8E00C0FA75 /* Project object */;
}
